// !$*UTF8*$!
{
	archiveVersion = 1;
	classes = {
	};
	objectVersion = 46;
	objects = {

/* Begin PBXBuildFile section */
		FFB916BF1BB44F49006F80C0 /* main.m in Sources */ = {isa = PBXBuildFile; fileRef = FFB916BE1BB44F49006F80C0 /* main.m */; };
		FFB916C21BB44F49006F80C0 /* AppDelegate.m in Sources */ = {isa = PBXBuildFile; fileRef = FFB916C11BB44F49006F80C0 /* AppDelegate.m */; };
		FFB916C51BB44F49006F80C0 /* ViewController.m in Sources */ = {isa = PBXBuildFile; fileRef = FFB916C41BB44F49006F80C0 /* ViewController.m */; };
		FFB916C81BB44F49006F80C0 /* Main.storyboard in Resources */ = {isa = PBXBuildFile; fileRef = FFB916C61BB44F49006F80C0 /* Main.storyboard */; };
		FFB916CA1BB44F49006F80C0 /* Images.xcassets in Resources */ = {isa = PBXBuildFile; fileRef = FFB916C91BB44F49006F80C0 /* Images.xcassets */; };
		FFB916CD1BB44F49006F80C0 /* LaunchScreen.xib in Resources */ = {isa = PBXBuildFile; fileRef = FFB916CB1BB44F49006F80C0 /* LaunchScreen.xib */; };
		FFB916D91BB44F49006F80C0 /* iWeatherTests.m in Sources */ = {isa = PBXBuildFile; fileRef = FFB916D81BB44F49006F80C0 /* iWeatherTests.m */; };
/* End PBXBuildFile section */

/* Begin PBXContainerItemProxy section */
		FFB916D31BB44F49006F80C0 /* PBXContainerItemProxy */ = {
			isa = PBXContainerItemProxy;
			containerPortal = FFB916B11BB44F49006F80C0 /* Project object */;
			proxyType = 1;
			remoteGlobalIDString = FFB916B81BB44F49006F80C0;
			remoteInfo = iWeather;
		};
/* End PBXContainerItemProxy section */

/* Begin PBXFileReference section */
		FFB916B91BB44F49006F80C0 /* iWeather.app */ = {isa = PBXFileReference; explicitFileType = wrapper.application; includeInIndex = 0; path = iWeather.app; sourceTree = BUILT_PRODUCTS_DIR; };
		FFB916BD1BB44F49006F80C0 /* Info.plist */ = {isa = PBXFileReference; lastKnownFileType = text.plist.xml; path = Info.plist; sourceTree = "<group>"; };
		FFB916BE1BB44F49006F80C0 /* main.m */ = {isa = PBXFileReference; lastKnownFileType = sourcecode.c.objc; path = main.m; sourceTree = "<group>"; };
		FFB916C01BB44F49006F80C0 /* AppDelegate.h */ = {isa = PBXFileReference; lastKnownFileType = sourcecode.c.h; path = AppDelegate.h; sourceTree = "<group>"; };
		FFB916C11BB44F49006F80C0 /* AppDelegate.m */ = {isa = PBXFileReference; lastKnownFileType = sourcecode.c.objc; path = AppDelegate.m; sourceTree = "<group>"; };
		FFB916C31BB44F49006F80C0 /* ViewController.h */ = {isa = PBXFileReference; lastKnownFileType = sourcecode.c.h; path = ViewController.h; sourceTree = "<group>"; };
		FFB916C41BB44F49006F80C0 /* ViewController.m */ = {isa = PBXFileReference; lastKnownFileType = sourcecode.c.objc; path = ViewController.m; sourceTree = "<group>"; };
		FFB916C71BB44F49006F80C0 /* Base */ = {isa = PBXFileReference; lastKnownFileType = file.storyboard; name = Base; path = Base.lproj/Main.storyboard; sourceTree = "<group>"; };
		FFB916C91BB44F49006F80C0 /* Images.xcassets */ = {isa = PBXFileReference; lastKnownFileType = folder.assetcatalog; path = Images.xcassets; sourceTree = "<group>"; };
		FFB916CC1BB44F49006F80C0 /* Base */ = {isa = PBXFileReference; lastKnownFileType = file.xib; name = Base; path = Base.lproj/LaunchScreen.xib; sourceTree = "<group>"; };
		FFB916D21BB44F49006F80C0 /* iWeatherTests.xctest */ = {isa = PBXFileReference; explicitFileType = wrapper.cfbundle; includeInIndex = 0; path = iWeatherTests.xctest; sourceTree = BUILT_PRODUCTS_DIR; };
		FFB916D71BB44F49006F80C0 /* Info.plist */ = {isa = PBXFileReference; lastKnownFileType = text.plist.xml; path = Info.plist; sourceTree = "<group>"; };
		FFB916D81BB44F49006F80C0 /* iWeatherTests.m */ = {isa = PBXFileReference; lastKnownFileType = sourcecode.c.objc; path = iWeatherTests.m; sourceTree = "<group>"; };
/* End PBXFileReference section */

/* Begin PBXFrameworksBuildPhase section */
		FFB916B61BB44F49006F80C0 /* Frameworks */ = {
			isa = PBXFrameworksBuildPhase;
			buildActionMask = 2147483647;
			files = (
			);
			runOnlyForDeploymentPostprocessing = 0;
		};
		FFB916CF1BB44F49006F80C0 /* Frameworks */ = {
			isa = PBXFrameworksBuildPhase;
			buildActionMask = 2147483647;
			files = (
			);
			runOnlyForDeploymentPostprocessing = 0;
		};
/* End PBXFrameworksBuildPhase section */

/* Begin PBXGroup section */
		FFB916B01BB44F49006F80C0 = {
			isa = PBXGroup;
			children = (
				FFB916BB1BB44F49006F80C0 /* iWeather */,
				FFB916D51BB44F49006F80C0 /* iWeatherTests */,
				FFB916BA1BB44F49006F80C0 /* Products */,
			);
			sourceTree = "<group>";
		};
		FFB916BA1BB44F49006F80C0 /* Products */ = {
			isa = PBXGroup;
			children = (
				FFB916B91BB44F49006F80C0 /* iWeather.app */,
				FFB916D21BB44F49006F80C0 /* iWeatherTests.xctest */,
			);
			name = Products;
			sourceTree = "<group>";
		};
		FFB916BB1BB44F49006F80C0 /* iWeather */ = {
			isa = PBXGroup;
			children = (
				FFB916C01BB44F49006F80C0 /* AppDelegate.h */,
				FFB916C11BB44F49006F80C0 /* AppDelegate.m */,
				FFB916C31BB44F49006F80C0 /* ViewController.h */,
				FFB916C41BB44F49006F80C0 /* ViewController.m */,
				FFB916C61BB44F49006F80C0 /* Main.storyboard */,
				FFB916C91BB44F49006F80C0 /* Images.xcassets */,
				FFB916CB1BB44F49006F80C0 /* LaunchScreen.xib */,
				FFB916BC1BB44F49006F80C0 /* Supporting Files */,
			);
			path = iWeather;
			sourceTree = "<group>";
		};
		FFB916BC1BB44F49006F80C0 /* Supporting Files */ = {
			isa = PBXGroup;
			children = (
				FFB916BD1BB44F49006F80C0 /* Info.plist */,
				FFB916BE1BB44F49006F80C0 /* main.m */,
			);
			name = "Supporting Files";
			sourceTree = "<group>";
		};
		FFB916D51BB44F49006F80C0 /* iWeatherTests */ = {
			isa = PBXGroup;
			children = (
				FFB916D81BB44F49006F80C0 /* iWeatherTests.m */,
				FFB916D61BB44F49006F80C0 /* Supporting Files */,
			);
			path = iWeatherTests;
			sourceTree = "<group>";
		};
		FFB916D61BB44F49006F80C0 /* Supporting Files */ = {
			isa = PBXGroup;
			children = (
				FFB916D71BB44F49006F80C0 /* Info.plist */,
			);
			name = "Supporting Files";
			sourceTree = "<group>";
		};
/* End PBXGroup section */

/* Begin PBXNativeTarget section */
		FFB916B81BB44F49006F80C0 /* iWeather */ = {
			isa = PBXNativeTarget;
			buildConfigurationList = FFB916DC1BB44F49006F80C0 /* Build configuration list for PBXNativeTarget "iWeather" */;
			buildPhases = (
				FFB916B51BB44F49006F80C0 /* Sources */,
				FFB916B61BB44F49006F80C0 /* Frameworks */,
				FFB916B71BB44F49006F80C0 /* Resources */,
			);
			buildRules = (
			);
			dependencies = (
			);
			name = iWeather;
			productName = iWeather;
			productReference = FFB916B91BB44F49006F80C0 /* iWeather.app */;
			productType = "com.apple.product-type.application";
		};
		FFB916D11BB44F49006F80C0 /* iWeatherTests */ = {
			isa = PBXNativeTarget;
			buildConfigurationList = FFB916DF1BB44F49006F80C0 /* Build configuration list for PBXNativeTarget "iWeatherTests" */;
			buildPhases = (
				FFB916CE1BB44F49006F80C0 /* Sources */,
				FFB916CF1BB44F49006F80C0 /* Frameworks */,
				FFB916D01BB44F49006F80C0 /* Resources */,
			);
			buildRules = (
			);
			dependencies = (
				FFB916D41BB44F49006F80C0 /* PBXTargetDependency */,
			);
			name = iWeatherTests;
			productName = iWeatherTests;
			productReference = FFB916D21BB44F49006F80C0 /* iWeatherTests.xctest */;
			productType = "com.apple.product-type.bundle.unit-test";
		};
/* End PBXNativeTarget section */

/* Begin PBXProject section */
		FFB916B11BB44F49006F80C0 /* Project object */ = {
			isa = PBXProject;
			attributes = {
				LastUpgradeCheck = 0640;
				ORGANIZATIONNAME = TienVV;
				TargetAttributes = {
					FFB916B81BB44F49006F80C0 = {
						CreatedOnToolsVersion = 6.4;
					};
					FFB916D11BB44F49006F80C0 = {
						CreatedOnToolsVersion = 6.4;
						TestTargetID = FFB916B81BB44F49006F80C0;
					};
				};
			};
			buildConfigurationList = FFB916B41BB44F49006F80C0 /* Build configuration list for PBXProject "iWeather" */;
			compatibilityVersion = "Xcode 3.2";
			developmentRegion = English;
			hasScannedForEncodings = 0;
			knownRegions = (
				en,
				Base,
			);
			mainGroup = FFB916B01BB44F49006F80C0;
			productRefGroup = FFB916BA1BB44F49006F80C0 /* Products */;
			projectDirPath = "";
			projectRoot = "";
			targets = (
				FFB916B81BB44F49006F80C0 /* iWeather */,
				FFB916D11BB44F49006F80C0 /* iWeatherTests */,
			);
		};
/* End PBXProject section */

/* Begin PBXResourcesBuildPhase section */
		FFB916B71BB44F49006F80C0 /* Resources */ = {
			isa = PBXResourcesBuildPhase;
			buildActionMask = 2147483647;
			files = (
				FFB916C81BB44F49006F80C0 /* Main.storyboard in Resources */,
				FFB916CD1BB44F49006F80C0 /* LaunchScreen.xib in Resources */,
				FFB916CA1BB44F49006F80C0 /* Images.xcassets in Resources */,
			);
			runOnlyForDeploymentPostprocessing = 0;
		};
		FFB916D01BB44F49006F80C0 /* Resources */ = {
			isa = PBXResourcesBuildPhase;
			buildActionMask = 2147483647;
			files = (
			);
			runOnlyForDeploymentPostprocessing = 0;
		};
/* End PBXResourcesBuildPhase section */

/* Begin PBXSourcesBuildPhase section */
		FFB916B51BB44F49006F80C0 /* Sources */ = {
			isa = PBXSourcesBuildPhase;
			buildActionMask = 2147483647;
			files = (
				FFB916C51BB44F49006F80C0 /* ViewController.m in Sources */,
				FFB916C21BB44F49006F80C0 /* AppDelegate.m in Sources */,
				FFB916BF1BB44F49006F80C0 /* main.m in Sources */,
			);
			runOnlyForDeploymentPostprocessing = 0;
		};
		FFB916CE1BB44F49006F80C0 /* Sources */ = {
			isa = PBXSourcesBuildPhase;
			buildActionMask = 2147483647;
			files = (
				FFB916D91BB44F49006F80C0 /* iWeatherTests.m in Sources */,
			);
			runOnlyForDeploymentPostprocessing = 0;
		};
/* End PBXSourcesBuildPhase section */

/* Begin PBXTargetDependency section */
		FFB916D41BB44F49006F80C0 /* PBXTargetDependency */ = {
			isa = PBXTargetDependency;
			target = FFB916B81BB44F49006F80C0 /* iWeather */;
			targetProxy = FFB916D31BB44F49006F80C0 /* PBXContainerItemProxy */;
		};
/* End PBXTargetDependency section */

/* Begin PBXVariantGroup section */
		FFB916C61BB44F49006F80C0 /* Main.storyboard */ = {
			isa = PBXVariantGroup;
			children = (
				FFB916C71BB44F49006F80C0 /* Base */,
			);
			name = Main.storyboard;
			sourceTree = "<group>";
		};
		FFB916CB1BB44F49006F80C0 /* LaunchScreen.xib */ = {
			isa = PBXVariantGroup;
			children = (
				FFB916CC1BB44F49006F80C0 /* Base */,
			);
			name = LaunchScreen.xib;
			sourceTree = "<group>";
		};
/* End PBXVariantGroup section */

/* Begin XCBuildConfiguration section */
		FFB916DA1BB44F49006F80C0 /* Debug */ = {
			isa = XCBuildConfiguration;
			buildSettings = {
				ALWAYS_SEARCH_USER_PATHS = NO;
				CLANG_CXX_LANGUAGE_STANDARD = "gnu++0x";
				CLANG_CXX_LIBRARY = "libc++";
				CLANG_ENABLE_MODULES = YES;
				CLANG_ENABLE_OBJC_ARC = YES;
				CLANG_WARN_BOOL_CONVERSION = YES;
				CLANG_WARN_CONSTANT_CONVERSION = YES;
				CLANG_WARN_DIRECT_OBJC_ISA_USAGE = YES_ERROR;
				CLANG_WARN_EMPTY_BODY = YES;
				CLANG_WARN_ENUM_CONVERSION = YES;
				CLANG_WARN_INT_CONVERSION = YES;
				CLANG_WARN_OBJC_ROOT_CLASS = YES_ERROR;
				CLANG_WARN_UNREACHABLE_CODE = YES;
				CLANG_WARN__DUPLICATE_METHOD_MATCH = YES;
				"CODE_SIGN_IDENTITY[sdk=iphoneos*]" = "iPhone Developer";
				COPY_PHASE_STRIP = NO;
				DEBUG_INFORMATION_FORMAT = "dwarf-with-dsym";
				ENABLE_STRICT_OBJC_MSGSEND = YES;
				GCC_C_LANGUAGE_STANDARD = gnu99;
				GCC_DYNAMIC_NO_PIC = NO;
				GCC_NO_COMMON_BLOCKS = YES;
				GCC_OPTIMIZATION_LEVEL = 0;
				GCC_PREPROCESSOR_DEFINITIONS = (
					"DEBUG=1",
					"$(inherited)",
				);
				GCC_SYMBOLS_PRIVATE_EXTERN = NO;
				GCC_WARN_64_TO_32_BIT_CONVERSION = YES;
				GCC_WARN_ABOUT_RETURN_TYPE = YES_ERROR;
				GCC_WARN_UNDECLARED_SELECTOR = YES;
				GCC_WARN_UNINITIALIZED_AUTOS = YES_AGGRESSIVE;
				GCC_WARN_UNUSED_FUNCTION = YES;
				GCC_WARN_UNUSED_VARIABLE = YES;
				IPHONEOS_DEPLOYMENT_TARGET = 8.4;
				MTL_ENABLE_DEBUG_INFO = YES;
				ONLY_ACTIVE_ARCH = YES;
				SDKROOT = iphoneos;
			};
			name = Debug;
		};
		FFB916DB1BB44F49006F80C0 /* Release */ = {
			isa = XCBuildConfiguration;
			buildSettings = {
				ALWAYS_SEARCH_USER_PATHS = NO;
				CLANG_CXX_LANGUAGE_STANDARD = "gnu++0x";
				CLANG_CXX_LIBRARY = "libc++";
				CLANG_ENABLE_MODULES = YES;
				CLANG_ENABLE_OBJC_ARC = YES;
				CLANG_WARN_BOOL_CONVERSION = YES;
				CLANG_WARN_CONSTANT_CONVERSION = YES;
				CLANG_WARN_DIRECT_OBJC_ISA_USAGE = YES_ERROR;
				CLANG_WARN_EMPTY_BODY = YES;
				CLANG_WARN_ENUM_CONVERSION = YES;
				CLANG_WARN_INT_CONVERSION = YES;
				CLANG_WARN_OBJC_ROOT_CLASS = YES_ERROR;
				CLANG_WARN_UNREACHABLE_CODE = YES;
				CLANG_WARN__DUPLICATE_METHOD_MATCH = YES;
				"CODE_SIGN_IDENTITY[sdk=iphoneos*]" = "iPhone Developer";
				COPY_PHASE_STRIP = NO;
				DEBUG_INFORMATION_FORMAT = "dwarf-with-dsym";
				ENABLE_NS_ASSERTIONS = NO;
				ENABLE_STRICT_OBJC_MSGSEND = YES;
				GCC_C_LANGUAGE_STANDARD = gnu99;
				GCC_NO_COMMON_BLOCKS = YES;
				GCC_WARN_64_TO_32_BIT_CONVERSION = YES;
				GCC_WARN_ABOUT_RETURN_TYPE = YES_ERROR;
				GCC_WARN_UNDECLARED_SELECTOR = YES;
				GCC_WARN_UNINITIALIZED_AUTOS = YES_AGGRESSIVE;
				GCC_WARN_UNUSED_FUNCTION = YES;
				GCC_WARN_UNUSED_VARIABLE = YES;
				IPHONEOS_DEPLOYMENT_TARGET = 8.4;
				MTL_ENABLE_DEBUG_INFO = NO;
				SDKROOT = iphoneos;
				VALIDATE_PRODUCT = YES;
			};
			name = Release;
		};
		FFB916DD1BB44F49006F80C0 /* Debug */ = {
			isa = XCBuildConfiguration;
			buildSettings = {
				ASSETCATALOG_COMPILER_APPICON_NAME = AppIcon;
				INFOPLIST_FILE = iWeather/Info.plist;
				LD_RUNPATH_SEARCH_PATHS = "$(inherited) @executable_path/Frameworks";
				PRODUCT_NAME = "$(TARGET_NAME)";
			};
			name = Debug;
		};
		FFB916DE1BB44F49006F80C0 /* Release */ = {
			isa = XCBuildConfiguration;
			buildSettings = {
				ASSETCATALOG_COMPILER_APPICON_NAME = AppIcon;
				INFOPLIST_FILE = iWeather/Info.plist;
				LD_RUNPATH_SEARCH_PATHS = "$(inherited) @executable_path/Frameworks";
				PRODUCT_NAME = "$(TARGET_NAME)";
			};
			name = Release;
		};
		FFB916E01BB44F49006F80C0 /* Debug */ = {
			isa = XCBuildConfiguration;
			buildSettings = {
				BUNDLE_LOADER = "$(TEST_HOST)";
				FRAMEWORK_SEARCH_PATHS = (
					"$(SDKROOT)/Developer/Library/Frameworks",
					"$(inherited)",
				);
				GCC_PREPROCESSOR_DEFINITIONS = (
					"DEBUG=1",
					"$(inherited)",
				);
				INFOPLIST_FILE = iWeatherTests/Info.plist;
				LD_RUNPATH_SEARCH_PATHS = "$(inherited) @executable_path/Frameworks @loader_path/Frameworks";
				PRODUCT_NAME = "$(TARGET_NAME)";
				TEST_HOST = "$(BUILT_PRODUCTS_DIR)/iWeather.app/iWeather";
			};
			name = Debug;
		};
		FFB916E11BB44F49006F80C0 /* Release */ = {
			isa = XCBuildConfiguration;
			buildSettings = {
				BUNDLE_LOADER = "$(TEST_HOST)";
				FRAMEWORK_SEARCH_PATHS = (
					"$(SDKROOT)/Developer/Library/Frameworks",
					"$(inherited)",
				);
				INFOPLIST_FILE = iWeatherTests/Info.plist;
				LD_RUNPATH_SEARCH_PATHS = "$(inherited) @executable_path/Frameworks @loader_path/Frameworks";
				PRODUCT_NAME = "$(TARGET_NAME)";
				TEST_HOST = "$(BUILT_PRODUCTS_DIR)/iWeather.app/iWeather";
			};
			name = Release;
		};
/* End XCBuildConfiguration section */

/* Begin XCConfigurationList section */
		FFB916B41BB44F49006F80C0 /* Build configuration list for PBXProject "iWeather" */ = {
			isa = XCConfigurationList;
			buildConfigurations = (
				FFB916DA1BB44F49006F80C0 /* Debug */,
				FFB916DB1BB44F49006F80C0 /* Release */,
			);
			defaultConfigurationIsVisible = 0;
			defaultConfigurationName = Release;
		};
		FFB916DC1BB44F49006F80C0 /* Build configuration list for PBXNativeTarget "iWeather" */ = {
			isa = XCConfigurationList;
			buildConfigurations = (
				FFB916DD1BB44F49006F80C0 /* Debug */,
				FFB916DE1BB44F49006F80C0 /* Release */,
			);
			defaultConfigurationIsVisible = 0;
		};
		FFB916DF1BB44F49006F80C0 /* Build configuration list for PBXNativeTarget "iWeatherTests" */ = {
			isa = XCConfigurationList;
			buildConfigurations = (
				FFB916E01BB44F49006F80C0 /* Debug */,
				FFB916E11BB44F49006F80C0 /* Release */,
			);
			defaultConfigurationIsVisible = 0;
		};
/* End XCConfigurationList section */
	};
	rootObject = FFB916B11BB44F49006F80C0 /* Project object */;
}
